
Microsoft Visual Studio Solution File, Format Version 12.00
# Visual Studio 15
Project("{FAE04EC0-301F-11D3-BF4B-00C04F79EFBC}") = "UMA_Core", "UMA_Core.csproj", "{8BD3F7D7-44D2-80B1-61DF-95682A36CA4F}"
EndProject
Project("{FAE04EC0-301F-11D3-BF4B-00C04F79EFBC}") = "UMA_Content", "UMA_Content.csproj", "{8B93A704-8A9C-00D5-681C-4D69336313FC}"
EndProject
Project("{FAE04EC0-301F-11D3-BF4B-00C04F79EFBC}") = "UMA_Examples", "UMA_Examples.csproj", "{D3B3BCB9-CC0D-65AB-F789-E3D8EF8269EA}"
EndProject
Project("{FAE04EC0-301F-11D3-BF4B-00C04F79EFBC}") = "Assembly-CSharp", "Assembly-CSharp.csproj", "{A2BA6824-F7F9-2B95-4057-FE77680ED9B7}"
EndProject
Project("{FAE04EC0-301F-11D3-BF4B-00C04F79EFBC}") = "UMA_Core_Editor", "UMA_Core_Editor.csproj", "{EF416F87-87AB-E1FA-ABCD-60675692F0A5}"
EndProject
Project("{FAE04EC0-301F-11D3-BF4B-00C04F79EFBC}") = "Assembly-CSharp-Editor", "Assembly-CSharp-Editor.csproj", "{7685463B-EADC-FC9C-9FE7-B7375E2D3C1E}"
EndProject
Project("{FAE04EC0-301F-11D3-BF4B-00C04F79EFBC}") = "UMA_Examples_Editor", "UMA_Examples_Editor.csproj", "{367335A2-A9F1-D9CB-20C9-F8CF652F0DF9}"
EndProject
Project("{FAE04EC0-301F-11D3-BF4B-00C04F79EFBC}") = "Addressable_Editor", "Addressable_Editor.csproj", "{92AFEAF5-FE5F-675F-0BD4-D5C14374FBC0}"
EndProject
Global
	GlobalSection(SolutionConfigurationPlatforms) = preSolution
		Debug|Any CPU = Debug|Any CPU
		Release|Any CPU = Release|Any CPU
	EndGlobalSection
	GlobalSection(ProjectConfigurationPlatforms) = postSolution
		{8BD3F7D7-44D2-80B1-61DF-95682A36CA4F}.Debug|Any CPU.ActiveCfg = Debug|Any CPU
		{8BD3F7D7-44D2-80B1-61DF-95682A36CA4F}.Debug|Any CPU.Build.0 = Debug|Any CPU
		{8BD3F7D7-44D2-80B1-61DF-95682A36CA4F}.Release|Any CPU.ActiveCfg = Release|Any CPU
		{8BD3F7D7-44D2-80B1-61DF-95682A36CA4F}.Release|Any CPU.Build.0 = Release|Any CPU
		{8B93A704-8A9C-00D5-681C-4D69336313FC}.Debug|Any CPU.ActiveCfg = Debug|Any CPU
		{8B93A704-8A9C-00D5-681C-4D69336313FC}.Debug|Any CPU.Build.0 = Debug|Any CPU
		{8B93A704-8A9C-00D5-681C-4D69336313FC}.Release|Any CPU.ActiveCfg = Release|Any CPU
		{8B93A704-8A9C-00D5-681C-4D69336313FC}.Release|Any CPU.Build.0 = Release|Any CPU
		{D3B3BCB9-CC0D-65AB-F789-E3D8EF8269EA}.Debug|Any CPU.ActiveCfg = Debug|Any CPU
		{D3B3BCB9-CC0D-65AB-F789-E3D8EF8269EA}.Debug|Any CPU.Build.0 = Debug|Any CPU
		{D3B3BCB9-CC0D-65AB-F789-E3D8EF8269EA}.Release|Any CPU.ActiveCfg = Release|Any CPU
		{D3B3BCB9-CC0D-65AB-F789-E3D8EF8269EA}.Release|Any CPU.Build.0 = Release|Any CPU
		{A2BA6824-F7F9-2B95-4057-FE77680ED9B7}.Debug|Any CPU.ActiveCfg = Debug|Any CPU
		{A2BA6824-F7F9-2B95-4057-FE77680ED9B7}.Debug|Any CPU.Build.0 = Debug|Any CPU
		{A2BA6824-F7F9-2B95-4057-FE77680ED9B7}.Release|Any CPU.ActiveCfg = Release|Any CPU
		{A2BA6824-F7F9-2B95-4057-FE77680ED9B7}.Release|Any CPU.Build.0 = Release|Any CPU
		{EF416F87-87AB-E1FA-ABCD-60675692F0A5}.Debug|Any CPU.ActiveCfg = Debug|Any CPU
		{EF416F87-87AB-E1FA-ABCD-60675692F0A5}.Debug|Any CPU.Build.0 = Debug|Any CPU
		{EF416F87-87AB-E1FA-ABCD-60675692F0A5}.Release|Any CPU.ActiveCfg = Release|Any CPU
		{EF416F87-87AB-E1FA-ABCD-60675692F0A5}.Release|Any CPU.Build.0 = Release|Any CPU
		{7685463B-EADC-FC9C-9FE7-B7375E2D3C1E}.Debug|Any CPU.ActiveCfg = Debug|Any CPU
		{7685463B-EADC-FC9C-9FE7-B7375E2D3C1E}.Debug|Any CPU.Build.0 = Debug|Any CPU
		{7685463B-EADC-FC9C-9FE7-B7375E2D3C1E}.Release|Any CPU.ActiveCfg = Release|Any CPU
		{7685463B-EADC-FC9C-9FE7-B7375E2D3C1E}.Release|Any CPU.Build.0 = Release|Any CPU
		{367335A2-A9F1-D9CB-20C9-F8CF652F0DF9}.Debug|Any CPU.ActiveCfg = Debug|Any CPU
		{367335A2-A9F1-D9CB-20C9-F8CF652F0DF9}.Debug|Any CPU.Build.0 = Debug|Any CPU
		{367335A2-A9F1-D9CB-20C9-F8CF652F0DF9}.Release|Any CPU.ActiveCfg = Release|Any CPU
		{367335A2-A9F1-D9CB-20C9-F8CF652F0DF9}.Release|Any CPU.Build.0 = Release|Any CPU
		{92AFEAF5-FE5F-675F-0BD4-D5C14374FBC0}.Debug|Any CPU.ActiveCfg = Debug|Any CPU
		{92AFEAF5-FE5F-675F-0BD4-D5C14374FBC0}.Debug|Any CPU.Build.0 = Debug|Any CPU
		{92AFEAF5-FE5F-675F-0BD4-D5C14374FBC0}.Release|Any CPU.ActiveCfg = Release|Any CPU
		{92AFEAF5-FE5F-675F-0BD4-D5C14374FBC0}.Release|Any CPU.Build.0 = Release|Any CPU
	EndGlobalSection
	GlobalSection(SolutionProperties) = preSolution
		HideSolutionNode = FALSE
	EndGlobalSection
EndGlobal
